// !$*UTF8*$!
{
	archiveVersion = 1;
	classes = {
	};
	objectVersion = 55;
	objects = {

/* Begin PBXBuildFile section */
		4060CCAF272550EB00323E50 /* CharacterRepositoryTests+JSONMock.swift in Sources */ = {isa = PBXBuildFile; fileRef = 4060CCAE272550EB00323E50 /* CharacterRepositoryTests+JSONMock.swift */; };
		40FC7D8027242D87002F2295 /* AppDelegate.swift in Sources */ = {isa = PBXBuildFile; fileRef = 40FC7D7F27242D87002F2295 /* AppDelegate.swift */; };
		40FC7D8227242D87002F2295 /* SceneDelegate.swift in Sources */ = {isa = PBXBuildFile; fileRef = 40FC7D8127242D87002F2295 /* SceneDelegate.swift */; };
		40FC7D8927242D89002F2295 /* Assets.xcassets in Resources */ = {isa = PBXBuildFile; fileRef = 40FC7D8827242D89002F2295 /* Assets.xcassets */; };
		40FC7D8C27242D89002F2295 /* LaunchScreen.storyboard in Resources */ = {isa = PBXBuildFile; fileRef = 40FC7D8A27242D89002F2295 /* LaunchScreen.storyboard */; };
		40FC7DB227242FDA002F2295 /* HomeViewController.swift in Sources */ = {isa = PBXBuildFile; fileRef = 40FC7DB127242FDA002F2295 /* HomeViewController.swift */; };
		40FC7DB6272482A4002F2295 /* Service.swift in Sources */ = {isa = PBXBuildFile; fileRef = 40FC7DB5272482A4002F2295 /* Service.swift */; };
		40FC7DB8272482FA002F2295 /* HTTPClient.swift in Sources */ = {isa = PBXBuildFile; fileRef = 40FC7DB7272482FA002F2295 /* HTTPClient.swift */; };
		40FC7DBA27248334002F2295 /* MarvelError.swift in Sources */ = {isa = PBXBuildFile; fileRef = 40FC7DB927248334002F2295 /* MarvelError.swift */; };
		40FC7DBC27248445002F2295 /* CharacterRepositoryTests.swift in Sources */ = {isa = PBXBuildFile; fileRef = 40FC7DBB27248445002F2295 /* CharacterRepositoryTests.swift */; };
		40FC7DC027249B96002F2295 /* CharacterRepository.swift in Sources */ = {isa = PBXBuildFile; fileRef = 40FC7DBF27249B96002F2295 /* CharacterRepository.swift */; };
		40FC7DC327249BB0002F2295 /* MarvelCharacter.swift in Sources */ = {isa = PBXBuildFile; fileRef = 40FC7DC227249BB0002F2295 /* MarvelCharacter.swift */; };
		40FC7DC627249BD7002F2295 /* CharacterService.swift in Sources */ = {isa = PBXBuildFile; fileRef = 40FC7DC527249BD7002F2295 /* CharacterService.swift */; };
/* End PBXBuildFile section */

/* Begin PBXContainerItemProxy section */
		40FC7D9327242D89002F2295 /* PBXContainerItemProxy */ = {
			isa = PBXContainerItemProxy;
			containerPortal = 40FC7D7427242D87002F2295 /* Project object */;
			proxyType = 1;
			remoteGlobalIDString = 40FC7D7B27242D87002F2295;
			remoteInfo = "marvel-heroes";
		};
/* End PBXContainerItemProxy section */

/* Begin PBXFileReference section */
		4060CCAE272550EB00323E50 /* CharacterRepositoryTests+JSONMock.swift */ = {isa = PBXFileReference; lastKnownFileType = sourcecode.swift; path = "CharacterRepositoryTests+JSONMock.swift"; sourceTree = "<group>"; };
		40FC7D7C27242D87002F2295 /* marvel-heroes.app */ = {isa = PBXFileReference; explicitFileType = wrapper.application; includeInIndex = 0; path = "marvel-heroes.app"; sourceTree = BUILT_PRODUCTS_DIR; };
		40FC7D7F27242D87002F2295 /* AppDelegate.swift */ = {isa = PBXFileReference; lastKnownFileType = sourcecode.swift; path = AppDelegate.swift; sourceTree = "<group>"; };
		40FC7D8127242D87002F2295 /* SceneDelegate.swift */ = {isa = PBXFileReference; lastKnownFileType = sourcecode.swift; path = SceneDelegate.swift; sourceTree = "<group>"; };
		40FC7D8827242D89002F2295 /* Assets.xcassets */ = {isa = PBXFileReference; lastKnownFileType = folder.assetcatalog; path = Assets.xcassets; sourceTree = "<group>"; };
		40FC7D8B27242D89002F2295 /* Base */ = {isa = PBXFileReference; lastKnownFileType = file.storyboard; name = Base; path = Base.lproj/LaunchScreen.storyboard; sourceTree = "<group>"; };
		40FC7D8D27242D89002F2295 /* Info.plist */ = {isa = PBXFileReference; lastKnownFileType = text.plist.xml; path = Info.plist; sourceTree = "<group>"; };
		40FC7D9227242D89002F2295 /* marvel-heroesTests.xctest */ = {isa = PBXFileReference; explicitFileType = wrapper.cfbundle; includeInIndex = 0; path = "marvel-heroesTests.xctest"; sourceTree = BUILT_PRODUCTS_DIR; };
		40FC7DB127242FDA002F2295 /* HomeViewController.swift */ = {isa = PBXFileReference; lastKnownFileType = sourcecode.swift; path = HomeViewController.swift; sourceTree = "<group>"; };
		40FC7DB5272482A4002F2295 /* Service.swift */ = {isa = PBXFileReference; lastKnownFileType = sourcecode.swift; path = Service.swift; sourceTree = "<group>"; };
		40FC7DB7272482FA002F2295 /* HTTPClient.swift */ = {isa = PBXFileReference; lastKnownFileType = sourcecode.swift; path = HTTPClient.swift; sourceTree = "<group>"; };
		40FC7DB927248334002F2295 /* MarvelError.swift */ = {isa = PBXFileReference; lastKnownFileType = sourcecode.swift; path = MarvelError.swift; sourceTree = "<group>"; };
		40FC7DBB27248445002F2295 /* CharacterRepositoryTests.swift */ = {isa = PBXFileReference; lastKnownFileType = sourcecode.swift; path = CharacterRepositoryTests.swift; sourceTree = "<group>"; };
		40FC7DBD27248BFF002F2295 /* Config.xcconfig */ = {isa = PBXFileReference; lastKnownFileType = text.xcconfig; path = Config.xcconfig; sourceTree = "<group>"; };
		40FC7DBF27249B96002F2295 /* CharacterRepository.swift */ = {isa = PBXFileReference; lastKnownFileType = sourcecode.swift; path = CharacterRepository.swift; sourceTree = "<group>"; };
		40FC7DC227249BB0002F2295 /* MarvelCharacter.swift */ = {isa = PBXFileReference; lastKnownFileType = sourcecode.swift; path = MarvelCharacter.swift; sourceTree = "<group>"; };
		40FC7DC527249BD7002F2295 /* CharacterService.swift */ = {isa = PBXFileReference; lastKnownFileType = sourcecode.swift; path = CharacterService.swift; sourceTree = "<group>"; };
/* End PBXFileReference section */

/* Begin PBXFrameworksBuildPhase section */
		40FC7D7927242D87002F2295 /* Frameworks */ = {
			isa = PBXFrameworksBuildPhase;
			buildActionMask = 2147483647;
			files = (
			);
			runOnlyForDeploymentPostprocessing = 0;
		};
		40FC7D8F27242D89002F2295 /* Frameworks */ = {
			isa = PBXFrameworksBuildPhase;
			buildActionMask = 2147483647;
			files = (
			);
			runOnlyForDeploymentPostprocessing = 0;
		};
/* End PBXFrameworksBuildPhase section */

/* Begin PBXGroup section */
		40FC7D7327242D87002F2295 = {
			isa = PBXGroup;
			children = (
				40FC7D7E27242D87002F2295 /* marvel-heroes */,
				40FC7D9527242D89002F2295 /* marvel-heroesTests */,
				40FC7D7D27242D87002F2295 /* Products */,
			);
			sourceTree = "<group>";
		};
		40FC7D7D27242D87002F2295 /* Products */ = {
			isa = PBXGroup;
			children = (
				40FC7D7C27242D87002F2295 /* marvel-heroes.app */,
				40FC7D9227242D89002F2295 /* marvel-heroesTests.xctest */,
			);
			name = Products;
			sourceTree = "<group>";
		};
		40FC7D7E27242D87002F2295 /* marvel-heroes */ = {
			isa = PBXGroup;
			children = (
				40FC7DB32724823B002F2295 /* Data */,
				40FC7DAF27242FAF002F2295 /* App */,
				40FC7D7F27242D87002F2295 /* AppDelegate.swift */,
				40FC7D8127242D87002F2295 /* SceneDelegate.swift */,
				40FC7D8827242D89002F2295 /* Assets.xcassets */,
				40FC7D8A27242D89002F2295 /* LaunchScreen.storyboard */,
				40FC7D8D27242D89002F2295 /* Info.plist */,
				40FC7DBD27248BFF002F2295 /* Config.xcconfig */,
			);
			path = "marvel-heroes";
			sourceTree = "<group>";
		};
		40FC7D9527242D89002F2295 /* marvel-heroesTests */ = {
			isa = PBXGroup;
			children = (
				40FC7DBB27248445002F2295 /* CharacterRepositoryTests.swift */,
				4060CCAE272550EB00323E50 /* CharacterRepositoryTests+JSONMock.swift */,
			);
			path = "marvel-heroesTests";
			sourceTree = "<group>";
		};
		40FC7DAF27242FAF002F2295 /* App */ = {
			isa = PBXGroup;
			children = (
				40FC7DB027242FCE002F2295 /* Home */,
			);
			path = App;
			sourceTree = "<group>";
		};
		40FC7DB027242FCE002F2295 /* Home */ = {
			isa = PBXGroup;
			children = (
				40FC7DB127242FDA002F2295 /* HomeViewController.swift */,
			);
			path = Home;
			sourceTree = "<group>";
		};
		40FC7DB32724823B002F2295 /* Data */ = {
			isa = PBXGroup;
			children = (
				40FC7DC427249BCC002F2295 /* Services */,
				40FC7DC127249BA7002F2295 /* Entities */,
				40FC7DBE27249B8B002F2295 /* Repositories */,
				40FC7DB427248244002F2295 /* Network */,
			);
			path = Data;
			sourceTree = "<group>";
		};
		40FC7DB427248244002F2295 /* Network */ = {
			isa = PBXGroup;
			children = (
				40FC7DB5272482A4002F2295 /* Service.swift */,
				40FC7DB7272482FA002F2295 /* HTTPClient.swift */,
				40FC7DB927248334002F2295 /* MarvelError.swift */,
			);
			path = Network;
			sourceTree = "<group>";
		};
		40FC7DBE27249B8B002F2295 /* Repositories */ = {
			isa = PBXGroup;
			children = (
				40FC7DBF27249B96002F2295 /* CharacterRepository.swift */,
			);
			path = Repositories;
			sourceTree = "<group>";
		};
		40FC7DC127249BA7002F2295 /* Entities */ = {
			isa = PBXGroup;
			children = (
				40FC7DC227249BB0002F2295 /* MarvelCharacter.swift */,
			);
			path = Entities;
			sourceTree = "<group>";
		};
		40FC7DC427249BCC002F2295 /* Services */ = {
			isa = PBXGroup;
			children = (
				40FC7DC527249BD7002F2295 /* CharacterService.swift */,
			);
			path = Services;
			sourceTree = "<group>";
		};
/* End PBXGroup section */

/* Begin PBXNativeTarget section */
		40FC7D7B27242D87002F2295 /* marvel-heroes */ = {
			isa = PBXNativeTarget;
			buildConfigurationList = 40FC7DA627242D89002F2295 /* Build configuration list for PBXNativeTarget "marvel-heroes" */;
			buildPhases = (
				40FC7D7827242D87002F2295 /* Sources */,
				40FC7D7927242D87002F2295 /* Frameworks */,
				40FC7D7A27242D87002F2295 /* Resources */,
			);
			buildRules = (
			);
			dependencies = (
			);
			name = "marvel-heroes";
			productName = "marvel-heroes";
			productReference = 40FC7D7C27242D87002F2295 /* marvel-heroes.app */;
			productType = "com.apple.product-type.application";
		};
		40FC7D9127242D89002F2295 /* marvel-heroesTests */ = {
			isa = PBXNativeTarget;
			buildConfigurationList = 40FC7DA927242D89002F2295 /* Build configuration list for PBXNativeTarget "marvel-heroesTests" */;
			buildPhases = (
				40FC7D8E27242D89002F2295 /* Sources */,
				40FC7D8F27242D89002F2295 /* Frameworks */,
				40FC7D9027242D89002F2295 /* Resources */,
			);
			buildRules = (
			);
			dependencies = (
				40FC7D9427242D89002F2295 /* PBXTargetDependency */,
			);
			name = "marvel-heroesTests";
			productName = "marvel-heroesTests";
			productReference = 40FC7D9227242D89002F2295 /* marvel-heroesTests.xctest */;
			productType = "com.apple.product-type.bundle.unit-test";
		};
/* End PBXNativeTarget section */

/* Begin PBXProject section */
		40FC7D7427242D87002F2295 /* Project object */ = {
			isa = PBXProject;
			attributes = {
				BuildIndependentTargetsInParallel = 1;
				LastSwiftUpdateCheck = 1300;
				LastUpgradeCheck = 1300;
				TargetAttributes = {
					40FC7D7B27242D87002F2295 = {
						CreatedOnToolsVersion = 13.0;
					};
					40FC7D9127242D89002F2295 = {
						CreatedOnToolsVersion = 13.0;
						TestTargetID = 40FC7D7B27242D87002F2295;
					};
				};
			};
			buildConfigurationList = 40FC7D7727242D87002F2295 /* Build configuration list for PBXProject "marvel-heroes" */;
			compatibilityVersion = "Xcode 13.0";
			developmentRegion = en;
			hasScannedForEncodings = 0;
			knownRegions = (
				en,
				Base,
			);
			mainGroup = 40FC7D7327242D87002F2295;
			productRefGroup = 40FC7D7D27242D87002F2295 /* Products */;
			projectDirPath = "";
			projectRoot = "";
			targets = (
				40FC7D7B27242D87002F2295 /* marvel-heroes */,
				40FC7D9127242D89002F2295 /* marvel-heroesTests */,
			);
		};
/* End PBXProject section */

/* Begin PBXResourcesBuildPhase section */
		40FC7D7A27242D87002F2295 /* Resources */ = {
			isa = PBXResourcesBuildPhase;
			buildActionMask = 2147483647;
			files = (
				40FC7D8C27242D89002F2295 /* LaunchScreen.storyboard in Resources */,
				40FC7D8927242D89002F2295 /* Assets.xcassets in Resources */,
			);
			runOnlyForDeploymentPostprocessing = 0;
		};
		40FC7D9027242D89002F2295 /* Resources */ = {
			isa = PBXResourcesBuildPhase;
			buildActionMask = 2147483647;
			files = (
			);
			runOnlyForDeploymentPostprocessing = 0;
		};
/* End PBXResourcesBuildPhase section */

/* Begin PBXSourcesBuildPhase section */
		40FC7D7827242D87002F2295 /* Sources */ = {
			isa = PBXSourcesBuildPhase;
			buildActionMask = 2147483647;
			files = (
				40FC7D8027242D87002F2295 /* AppDelegate.swift in Sources */,
				40FC7DB8272482FA002F2295 /* HTTPClient.swift in Sources */,
				40FC7DB6272482A4002F2295 /* Service.swift in Sources */,
				40FC7D8227242D87002F2295 /* SceneDelegate.swift in Sources */,
				40FC7DC327249BB0002F2295 /* MarvelCharacter.swift in Sources */,
				40FC7DC027249B96002F2295 /* CharacterRepository.swift in Sources */,
				40FC7DC627249BD7002F2295 /* CharacterService.swift in Sources */,
				40FC7DB227242FDA002F2295 /* HomeViewController.swift in Sources */,
				40FC7DBA27248334002F2295 /* MarvelError.swift in Sources */,
			);
			runOnlyForDeploymentPostprocessing = 0;
		};
		40FC7D8E27242D89002F2295 /* Sources */ = {
			isa = PBXSourcesBuildPhase;
			buildActionMask = 2147483647;
			files = (
				40FC7DBC27248445002F2295 /* CharacterRepositoryTests.swift in Sources */,
				4060CCAF272550EB00323E50 /* CharacterRepositoryTests+JSONMock.swift in Sources */,
			);
			runOnlyForDeploymentPostprocessing = 0;
		};
/* End PBXSourcesBuildPhase section */

/* Begin PBXTargetDependency section */
		40FC7D9427242D89002F2295 /* PBXTargetDependency */ = {
			isa = PBXTargetDependency;
			target = 40FC7D7B27242D87002F2295 /* marvel-heroes */;
			targetProxy = 40FC7D9327242D89002F2295 /* PBXContainerItemProxy */;
		};
/* End PBXTargetDependency section */

/* Begin PBXVariantGroup section */
		40FC7D8A27242D89002F2295 /* LaunchScreen.storyboard */ = {
			isa = PBXVariantGroup;
			children = (
				40FC7D8B27242D89002F2295 /* Base */,
			);
			name = LaunchScreen.storyboard;
			sourceTree = "<group>";
		};
/* End PBXVariantGroup section */

/* Begin XCBuildConfiguration section */
		40FC7DA427242D89002F2295 /* Debug */ = {
			isa = XCBuildConfiguration;
			baseConfigurationReference = 40FC7DBD27248BFF002F2295 /* Config.xcconfig */;
			buildSettings = {
				ALWAYS_SEARCH_USER_PATHS = NO;
				CLANG_ANALYZER_NONNULL = YES;
				CLANG_ANALYZER_NUMBER_OBJECT_CONVERSION = YES_AGGRESSIVE;
				CLANG_CXX_LANGUAGE_STANDARD = "gnu++17";
				CLANG_CXX_LIBRARY = "libc++";
				CLANG_ENABLE_MODULES = YES;
				CLANG_ENABLE_OBJC_ARC = YES;
				CLANG_ENABLE_OBJC_WEAK = YES;
				CLANG_WARN_BLOCK_CAPTURE_AUTORELEASING = YES;
				CLANG_WARN_BOOL_CONVERSION = YES;
				CLANG_WARN_COMMA = YES;
				CLANG_WARN_CONSTANT_CONVERSION = YES;
				CLANG_WARN_DEPRECATED_OBJC_IMPLEMENTATIONS = YES;
				CLANG_WARN_DIRECT_OBJC_ISA_USAGE = YES_ERROR;
				CLANG_WARN_DOCUMENTATION_COMMENTS = YES;
				CLANG_WARN_EMPTY_BODY = YES;
				CLANG_WARN_ENUM_CONVERSION = YES;
				CLANG_WARN_INFINITE_RECURSION = YES;
				CLANG_WARN_INT_CONVERSION = YES;
				CLANG_WARN_NON_LITERAL_NULL_CONVERSION = YES;
				CLANG_WARN_OBJC_IMPLICIT_RETAIN_SELF = YES;
				CLANG_WARN_OBJC_LITERAL_CONVERSION = YES;
				CLANG_WARN_OBJC_ROOT_CLASS = YES_ERROR;
				CLANG_WARN_QUOTED_INCLUDE_IN_FRAMEWORK_HEADER = YES;
				CLANG_WARN_RANGE_LOOP_ANALYSIS = YES;
				CLANG_WARN_STRICT_PROTOTYPES = YES;
				CLANG_WARN_SUSPICIOUS_MOVE = YES;
				CLANG_WARN_UNGUARDED_AVAILABILITY = YES_AGGRESSIVE;
				CLANG_WARN_UNREACHABLE_CODE = YES;
				CLANG_WARN__DUPLICATE_METHOD_MATCH = YES;
				COPY_PHASE_STRIP = NO;
				DEBUG_INFORMATION_FORMAT = dwarf;
				ENABLE_STRICT_OBJC_MSGSEND = YES;
				ENABLE_TESTABILITY = YES;
				GCC_C_LANGUAGE_STANDARD = gnu11;
				GCC_DYNAMIC_NO_PIC = NO;
				GCC_NO_COMMON_BLOCKS = YES;
				GCC_OPTIMIZATION_LEVEL = 0;
				GCC_PREPROCESSOR_DEFINITIONS = (
					"DEBUG=1",
					"$(inherited)",
				);
				GCC_WARN_64_TO_32_BIT_CONVERSION = YES;
				GCC_WARN_ABOUT_RETURN_TYPE = YES_ERROR;
				GCC_WARN_UNDECLARED_SELECTOR = YES;
				GCC_WARN_UNINITIALIZED_AUTOS = YES_AGGRESSIVE;
				GCC_WARN_UNUSED_FUNCTION = YES;
				GCC_WARN_UNUSED_VARIABLE = YES;
				IPHONEOS_DEPLOYMENT_TARGET = 15.0;
				MTL_ENABLE_DEBUG_INFO = INCLUDE_SOURCE;
				MTL_FAST_MATH = YES;
				ONLY_ACTIVE_ARCH = YES;
				SDKROOT = iphoneos;
				SWIFT_ACTIVE_COMPILATION_CONDITIONS = DEBUG;
				SWIFT_OPTIMIZATION_LEVEL = "-Onone";
			};
			name = Debug;
		};
		40FC7DA527242D89002F2295 /* Release */ = {
			isa = XCBuildConfiguration;
			baseConfigurationReference = 40FC7DBD27248BFF002F2295 /* Config.xcconfig */;
			buildSettings = {
				ALWAYS_SEARCH_USER_PATHS = NO;
				CLANG_ANALYZER_NONNULL = YES;
				CLANG_ANALYZER_NUMBER_OBJECT_CONVERSION = YES_AGGRESSIVE;
				CLANG_CXX_LANGUAGE_STANDARD = "gnu++17";
				CLANG_CXX_LIBRARY = "libc++";
				CLANG_ENABLE_MODULES = YES;
				CLANG_ENABLE_OBJC_ARC = YES;
				CLANG_ENABLE_OBJC_WEAK = YES;
				CLANG_WARN_BLOCK_CAPTURE_AUTORELEASING = YES;
				CLANG_WARN_BOOL_CONVERSION = YES;
				CLANG_WARN_COMMA = YES;
				CLANG_WARN_CONSTANT_CONVERSION = YES;
				CLANG_WARN_DEPRECATED_OBJC_IMPLEMENTATIONS = YES;
				CLANG_WARN_DIRECT_OBJC_ISA_USAGE = YES_ERROR;
				CLANG_WARN_DOCUMENTATION_COMMENTS = YES;
				CLANG_WARN_EMPTY_BODY = YES;
				CLANG_WARN_ENUM_CONVERSION = YES;
				CLANG_WARN_INFINITE_RECURSION = YES;
				CLANG_WARN_INT_CONVERSION = YES;
				CLANG_WARN_NON_LITERAL_NULL_CONVERSION = YES;
				CLANG_WARN_OBJC_IMPLICIT_RETAIN_SELF = YES;
				CLANG_WARN_OBJC_LITERAL_CONVERSION = YES;
				CLANG_WARN_OBJC_ROOT_CLASS = YES_ERROR;
				CLANG_WARN_QUOTED_INCLUDE_IN_FRAMEWORK_HEADER = YES;
				CLANG_WARN_RANGE_LOOP_ANALYSIS = YES;
				CLANG_WARN_STRICT_PROTOTYPES = YES;
				CLANG_WARN_SUSPICIOUS_MOVE = YES;
				CLANG_WARN_UNGUARDED_AVAILABILITY = YES_AGGRESSIVE;
				CLANG_WARN_UNREACHABLE_CODE = YES;
				CLANG_WARN__DUPLICATE_METHOD_MATCH = YES;
				COPY_PHASE_STRIP = NO;
				DEBUG_INFORMATION_FORMAT = "dwarf-with-dsym";
				ENABLE_NS_ASSERTIONS = NO;
				ENABLE_STRICT_OBJC_MSGSEND = YES;
				GCC_C_LANGUAGE_STANDARD = gnu11;
				GCC_NO_COMMON_BLOCKS = YES;
				GCC_WARN_64_TO_32_BIT_CONVERSION = YES;
				GCC_WARN_ABOUT_RETURN_TYPE = YES_ERROR;
				GCC_WARN_UNDECLARED_SELECTOR = YES;
				GCC_WARN_UNINITIALIZED_AUTOS = YES_AGGRESSIVE;
				GCC_WARN_UNUSED_FUNCTION = YES;
				GCC_WARN_UNUSED_VARIABLE = YES;
				IPHONEOS_DEPLOYMENT_TARGET = 15.0;
				MTL_ENABLE_DEBUG_INFO = NO;
				MTL_FAST_MATH = YES;
				SDKROOT = iphoneos;
				SWIFT_COMPILATION_MODE = wholemodule;
				SWIFT_OPTIMIZATION_LEVEL = "-O";
				VALIDATE_PRODUCT = YES;
			};
			name = Release;
		};
		40FC7DA727242D89002F2295 /* Debug */ = {
			isa = XCBuildConfiguration;
			buildSettings = {
				ASSETCATALOG_COMPILER_APPICON_NAME = AppIcon;
				ASSETCATALOG_COMPILER_GLOBAL_ACCENT_COLOR_NAME = AccentColor;
				CODE_SIGN_STYLE = Automatic;
				CURRENT_PROJECT_VERSION = 1;
				DEVELOPMENT_TEAM = 69Q3WZF8JC;
				GENERATE_INFOPLIST_FILE = YES;
				INFOPLIST_FILE = "marvel-heroes/Info.plist";
				INFOPLIST_KEY_UIApplicationSupportsIndirectInputEvents = YES;
				INFOPLIST_KEY_UILaunchStoryboardName = LaunchScreen;
				INFOPLIST_KEY_UISupportedInterfaceOrientations_iPad = "UIInterfaceOrientationPortrait UIInterfaceOrientationPortraitUpsideDown UIInterfaceOrientationLandscapeLeft UIInterfaceOrientationLandscapeRight";
				INFOPLIST_KEY_UISupportedInterfaceOrientations_iPhone = "UIInterfaceOrientationPortrait UIInterfaceOrientationLandscapeLeft UIInterfaceOrientationLandscapeRight";
				LD_RUNPATH_SEARCH_PATHS = (
					"$(inherited)",
					"@executable_path/Frameworks",
				);
				MARKETING_VERSION = 1.0;
				PRODUCT_BUNDLE_IDENTIFIER = "com.erikagujari.marvel-heroes";
				PRODUCT_NAME = "$(TARGET_NAME)";
				SWIFT_EMIT_LOC_STRINGS = YES;
				SWIFT_VERSION = 5.0;
				TARGETED_DEVICE_FAMILY = "1,2";
			};
			name = Debug;
		};
		40FC7DA827242D89002F2295 /* Release */ = {
			isa = XCBuildConfiguration;
			buildSettings = {
				ASSETCATALOG_COMPILER_APPICON_NAME = AppIcon;
				ASSETCATALOG_COMPILER_GLOBAL_ACCENT_COLOR_NAME = AccentColor;
				CODE_SIGN_STYLE = Automatic;
				CURRENT_PROJECT_VERSION = 1;
				DEVELOPMENT_TEAM = 69Q3WZF8JC;
				GENERATE_INFOPLIST_FILE = YES;
				INFOPLIST_FILE = "marvel-heroes/Info.plist";
				INFOPLIST_KEY_UIApplicationSupportsIndirectInputEvents = YES;
				INFOPLIST_KEY_UILaunchStoryboardName = LaunchScreen;
				INFOPLIST_KEY_UISupportedInterfaceOrientations_iPad = "UIInterfaceOrientationPortrait UIInterfaceOrientationPortraitUpsideDown UIInterfaceOrientationLandscapeLeft UIInterfaceOrientationLandscapeRight";
				INFOPLIST_KEY_UISupportedInterfaceOrientations_iPhone = "UIInterfaceOrientationPortrait UIInterfaceOrientationLandscapeLeft UIInterfaceOrientationLandscapeRight";
				LD_RUNPATH_SEARCH_PATHS = (
					"$(inherited)",
					"@executable_path/Frameworks",
				);
				MARKETING_VERSION = 1.0;
				PRODUCT_BUNDLE_IDENTIFIER = "com.erikagujari.marvel-heroes";
				PRODUCT_NAME = "$(TARGET_NAME)";
				SWIFT_EMIT_LOC_STRINGS = YES;
				SWIFT_VERSION = 5.0;
				TARGETED_DEVICE_FAMILY = "1,2";
			};
			name = Release;
		};
		40FC7DAA27242D89002F2295 /* Debug */ = {
			isa = XCBuildConfiguration;
			buildSettings = {
				ALWAYS_EMBED_SWIFT_STANDARD_LIBRARIES = YES;
				BUNDLE_LOADER = "$(TEST_HOST)";
				CODE_SIGN_STYLE = Automatic;
				CURRENT_PROJECT_VERSION = 1;
				DEVELOPMENT_TEAM = 69Q3WZF8JC;
				GENERATE_INFOPLIST_FILE = YES;
				IPHONEOS_DEPLOYMENT_TARGET = 15.0;
				LD_RUNPATH_SEARCH_PATHS = (
					"$(inherited)",
					"@executable_path/Frameworks",
					"@loader_path/Frameworks",
				);
				MARKETING_VERSION = 1.0;
				PRODUCT_BUNDLE_IDENTIFIER = "com.erikagujari.marvel-heroesTests";
				PRODUCT_NAME = "$(TARGET_NAME)";
				SWIFT_EMIT_LOC_STRINGS = NO;
				SWIFT_VERSION = 5.0;
				TARGETED_DEVICE_FAMILY = "1,2";
				TEST_HOST = "$(BUILT_PRODUCTS_DIR)/marvel-heroes.app/marvel-heroes";
			};
			name = Debug;
		};
		40FC7DAB27242D89002F2295 /* Release */ = {
			isa = XCBuildConfiguration;
			buildSettings = {
				ALWAYS_EMBED_SWIFT_STANDARD_LIBRARIES = YES;
				BUNDLE_LOADER = "$(TEST_HOST)";
				CODE_SIGN_STYLE = Automatic;
				CURRENT_PROJECT_VERSION = 1;
				DEVELOPMENT_TEAM = 69Q3WZF8JC;
				GENERATE_INFOPLIST_FILE = YES;
				IPHONEOS_DEPLOYMENT_TARGET = 15.0;
				LD_RUNPATH_SEARCH_PATHS = (
					"$(inherited)",
					"@executable_path/Frameworks",
					"@loader_path/Frameworks",
				);
				MARKETING_VERSION = 1.0;
				PRODUCT_BUNDLE_IDENTIFIER = "com.erikagujari.marvel-heroesTests";
				PRODUCT_NAME = "$(TARGET_NAME)";
				SWIFT_EMIT_LOC_STRINGS = NO;
				SWIFT_VERSION = 5.0;
				TARGETED_DEVICE_FAMILY = "1,2";
				TEST_HOST = "$(BUILT_PRODUCTS_DIR)/marvel-heroes.app/marvel-heroes";
			};
			name = Release;
		};
/* End XCBuildConfiguration section */

/* Begin XCConfigurationList section */
		40FC7D7727242D87002F2295 /* Build configuration list for PBXProject "marvel-heroes" */ = {
			isa = XCConfigurationList;
			buildConfigurations = (
				40FC7DA427242D89002F2295 /* Debug */,
				40FC7DA527242D89002F2295 /* Release */,
			);
			defaultConfigurationIsVisible = 0;
			defaultConfigurationName = Release;
		};
		40FC7DA627242D89002F2295 /* Build configuration list for PBXNativeTarget "marvel-heroes" */ = {
			isa = XCConfigurationList;
			buildConfigurations = (
				40FC7DA727242D89002F2295 /* Debug */,
				40FC7DA827242D89002F2295 /* Release */,
			);
			defaultConfigurationIsVisible = 0;
			defaultConfigurationName = Release;
		};
		40FC7DA927242D89002F2295 /* Build configuration list for PBXNativeTarget "marvel-heroesTests" */ = {
			isa = XCConfigurationList;
			buildConfigurations = (
				40FC7DAA27242D89002F2295 /* Debug */,
				40FC7DAB27242D89002F2295 /* Release */,
			);
			defaultConfigurationIsVisible = 0;
			defaultConfigurationName = Release;
		};
/* End XCConfigurationList section */
	};
	rootObject = 40FC7D7427242D87002F2295 /* Project object */;
}
